
Microsoft Visual Studio Solution File, Format Version 12.00
# Visual Studio Version 17
VisualStudioVersion = 17.0.32014.148
MinimumVisualStudioVersion = 10.0.40219.1
Project("{8BC9CEB8-8B4A-11D0-8D11-00A0C91BC942}") = "TopologyLibrary", "TopologyLibrary\TopologyLibrary.vcxproj", "{1FDFEC90-465E-49CE-819E-293B7F0344B3}"
EndProject
Project("{8BC9CEB8-8B4A-11D0-8D11-00A0C91BC942}") = "Demo", "Demo\Demo.vcxproj", "{FB3DBF8E-5076-4A35-BD18-2CC409D2E7F4}"
EndProject
Global
	GlobalSection(SolutionConfigurationPlatforms) = preSolution
		Debug|Win32 = Debug|Win32
		Debug|x64 = Debug|x64
		Debug|x86 = Debug|x86
		Release|Win32 = Release|Win32
		Release|x64 = Release|x64
		Release|x86 = Release|x86
	EndGlobalSection
	GlobalSection(ProjectConfigurationPlatforms) = postSolution
		{1FDFEC90-465E-49CE-819E-293B7F0344B3}.Debug|Win32.ActiveCfg = Debug|Win32
		{1FDFEC90-465E-49CE-819E-293B7F0344B3}.Debug|Win32.Build.0 = Debug|Win32
		{1FDFEC90-465E-49CE-819E-293B7F0344B3}.Debug|x64.ActiveCfg = Debug|x64
		{1FDFEC90-465E-49CE-819E-293B7F0344B3}.Debug|x64.Build.0 = Debug|x64
		{1FDFEC90-465E-49CE-819E-293B7F0344B3}.Debug|x86.ActiveCfg = Debug|Win32
		{1FDFEC90-465E-49CE-819E-293B7F0344B3}.Debug|x86.Build.0 = Debug|Win32
		{1FDFEC90-465E-49CE-819E-293B7F0344B3}.Release|Win32.ActiveCfg = Release|Win32
		{1FDFEC90-465E-49CE-819E-293B7F0344B3}.Release|Win32.Build.0 = Release|Win32
		{1FDFEC90-465E-49CE-819E-293B7F0344B3}.Release|x64.ActiveCfg = Release|x64
		{1FDFEC90-465E-49CE-819E-293B7F0344B3}.Release|x64.Build.0 = Release|x64
		{1FDFEC90-465E-49CE-819E-293B7F0344B3}.Release|x86.ActiveCfg = Release|Win32
		{1FDFEC90-465E-49CE-819E-293B7F0344B3}.Release|x86.Build.0 = Release|Win32
		{FB3DBF8E-5076-4A35-BD18-2CC409D2E7F4}.Debug|Win32.ActiveCfg = Debug|Win32
		{FB3DBF8E-5076-4A35-BD18-2CC409D2E7F4}.Debug|Win32.Build.0 = Debug|Win32
		{FB3DBF8E-5076-4A35-BD18-2CC409D2E7F4}.Debug|x64.ActiveCfg = Debug|x64
		{FB3DBF8E-5076-4A35-BD18-2CC409D2E7F4}.Debug|x64.Build.0 = Debug|x64
		{FB3DBF8E-5076-4A35-BD18-2CC409D2E7F4}.Debug|x86.ActiveCfg = Debug|Win32
		{FB3DBF8E-5076-4A35-BD18-2CC409D2E7F4}.Debug|x86.Build.0 = Debug|Win32
		{FB3DBF8E-5076-4A35-BD18-2CC409D2E7F4}.Release|Win32.ActiveCfg = Release|Win32
		{FB3DBF8E-5076-4A35-BD18-2CC409D2E7F4}.Release|Win32.Build.0 = Release|Win32
		{FB3DBF8E-5076-4A35-BD18-2CC409D2E7F4}.Release|x64.ActiveCfg = Release|x64
		{FB3DBF8E-5076-4A35-BD18-2CC409D2E7F4}.Release|x64.Build.0 = Release|x64
		{FB3DBF8E-5076-4A35-BD18-2CC409D2E7F4}.Release|x86.ActiveCfg = Release|Win32
		{FB3DBF8E-5076-4A35-BD18-2CC409D2E7F4}.Release|x86.Build.0 = Release|Win32
	EndGlobalSection
	GlobalSection(SolutionProperties) = preSolution
		HideSolutionNode = FALSE
	EndGlobalSection
	GlobalSection(ExtensibilityGlobals) = postSolution
		SolutionGuid = {F1DE705E-C920-415E-91FF-5DFBC4763689}
	EndGlobalSection
EndGlobal
